// !$*UTF8*$!
{
	archiveVersion = 1;
	classes = {
	};
	objectVersion = 56;
	objects = {

/* Begin PBXBuildFile section */
		A915345029CB57B200EFC6AC /* ToDoApp.swift in Sources */ = {isa = PBXBuildFile; fileRef = A915344F29CB57B200EFC6AC /* ToDoApp.swift */; };
		A915345229CB57B200EFC6AC /* ContentView.swift in Sources */ = {isa = PBXBuildFile; fileRef = A915345129CB57B200EFC6AC /* ContentView.swift */; };
		A915345429CB57B300EFC6AC /* Assets.xcassets in Resources */ = {isa = PBXBuildFile; fileRef = A915345329CB57B300EFC6AC /* Assets.xcassets */; };
		A915345729CB57B300EFC6AC /* Preview Assets.xcassets in Resources */ = {isa = PBXBuildFile; fileRef = A915345629CB57B300EFC6AC /* Preview Assets.xcassets */; };
		A915346029CB598E00EFC6AC /* TaskView.swift in Sources */ = {isa = PBXBuildFile; fileRef = A915345F29CB598E00EFC6AC /* TaskView.swift */; };
		A915346429CB5A5B00EFC6AC /* TaskRow.swift in Sources */ = {isa = PBXBuildFile; fileRef = A915346329CB5A5B00EFC6AC /* TaskRow.swift */; };
		A915346629CB5B4700EFC6AC /* AddTaskView.swift in Sources */ = {isa = PBXBuildFile; fileRef = A915346529CB5B4700EFC6AC /* AddTaskView.swift */; };
		A915346829CB5DC300EFC6AC /* SmallAddButton.swift in Sources */ = {isa = PBXBuildFile; fileRef = A915346729CB5DC300EFC6AC /* SmallAddButton.swift */; };
		A915346B29CB657300EFC6AC /* Realm in Frameworks */ = {isa = PBXBuildFile; productRef = A915346A29CB657300EFC6AC /* Realm */; };
		A915346D29CB657300EFC6AC /* RealmSwift in Frameworks */ = {isa = PBXBuildFile; productRef = A915346C29CB657300EFC6AC /* RealmSwift */; };
		A915346F29CB664400EFC6AC /* RealmManager.swift in Sources */ = {isa = PBXBuildFile; fileRef = A915346E29CB664400EFC6AC /* RealmManager.swift */; };
		A915347129CB672800EFC6AC /* Task.swift in Sources */ = {isa = PBXBuildFile; fileRef = A915347029CB672800EFC6AC /* Task.swift */; };
/* End PBXBuildFile section */

/* Begin PBXFileReference section */
		A915344C29CB57B200EFC6AC /* ToDo.app */ = {isa = PBXFileReference; explicitFileType = wrapper.application; includeInIndex = 0; path = ToDo.app; sourceTree = BUILT_PRODUCTS_DIR; };
		A915344F29CB57B200EFC6AC /* ToDoApp.swift */ = {isa = PBXFileReference; lastKnownFileType = sourcecode.swift; path = ToDoApp.swift; sourceTree = "<group>"; };
		A915345129CB57B200EFC6AC /* ContentView.swift */ = {isa = PBXFileReference; lastKnownFileType = sourcecode.swift; path = ContentView.swift; sourceTree = "<group>"; };
		A915345329CB57B300EFC6AC /* Assets.xcassets */ = {isa = PBXFileReference; lastKnownFileType = folder.assetcatalog; path = Assets.xcassets; sourceTree = "<group>"; };
		A915345629CB57B300EFC6AC /* Preview Assets.xcassets */ = {isa = PBXFileReference; lastKnownFileType = folder.assetcatalog; path = "Preview Assets.xcassets"; sourceTree = "<group>"; };
		A915345F29CB598E00EFC6AC /* TaskView.swift */ = {isa = PBXFileReference; lastKnownFileType = sourcecode.swift; path = TaskView.swift; sourceTree = "<group>"; };
		A915346329CB5A5B00EFC6AC /* TaskRow.swift */ = {isa = PBXFileReference; lastKnownFileType = sourcecode.swift; path = TaskRow.swift; sourceTree = "<group>"; };
		A915346529CB5B4700EFC6AC /* AddTaskView.swift */ = {isa = PBXFileReference; lastKnownFileType = sourcecode.swift; path = AddTaskView.swift; sourceTree = "<group>"; };
		A915346729CB5DC300EFC6AC /* SmallAddButton.swift */ = {isa = PBXFileReference; lastKnownFileType = sourcecode.swift; path = SmallAddButton.swift; sourceTree = "<group>"; };
		A915346E29CB664400EFC6AC /* RealmManager.swift */ = {isa = PBXFileReference; lastKnownFileType = sourcecode.swift; path = RealmManager.swift; sourceTree = "<group>"; };
		A915347029CB672800EFC6AC /* Task.swift */ = {isa = PBXFileReference; lastKnownFileType = sourcecode.swift; path = Task.swift; sourceTree = "<group>"; };
/* End PBXFileReference section */

/* Begin PBXFrameworksBuildPhase section */
		A915344929CB57B200EFC6AC /* Frameworks */ = {
			isa = PBXFrameworksBuildPhase;
			buildActionMask = 2147483647;
			files = (
				A915346D29CB657300EFC6AC /* RealmSwift in Frameworks */,
				A915346B29CB657300EFC6AC /* Realm in Frameworks */,
			);
			runOnlyForDeploymentPostprocessing = 0;
		};
/* End PBXFrameworksBuildPhase section */

/* Begin PBXGroup section */
		A915344329CB57B200EFC6AC = {
			isa = PBXGroup;
			children = (
				A915344E29CB57B200EFC6AC /* ToDo */,
				A915344D29CB57B200EFC6AC /* Products */,
			);
			sourceTree = "<group>";
		};
		A915344D29CB57B200EFC6AC /* Products */ = {
			isa = PBXGroup;
			children = (
				A915344C29CB57B200EFC6AC /* ToDo.app */,
			);
			name = Products;
			sourceTree = "<group>";
		};
		A915344E29CB57B200EFC6AC /* ToDo */ = {
			isa = PBXGroup;
			children = (
				A915346129CB599300EFC6AC /* Views */,
				A915346229CB5A4900EFC6AC /* Components */,
				A915344F29CB57B200EFC6AC /* ToDoApp.swift */,
				A915345329CB57B300EFC6AC /* Assets.xcassets */,
				A915345529CB57B300EFC6AC /* Preview Content */,
				A915346E29CB664400EFC6AC /* RealmManager.swift */,
				A915347029CB672800EFC6AC /* Task.swift */,
			);
			path = ToDo;
			sourceTree = "<group>";
		};
		A915345529CB57B300EFC6AC /* Preview Content */ = {
			isa = PBXGroup;
			children = (
				A915345629CB57B300EFC6AC /* Preview Assets.xcassets */,
			);
			path = "Preview Content";
			sourceTree = "<group>";
		};
		A915346129CB599300EFC6AC /* Views */ = {
			isa = PBXGroup;
			children = (
				A915345129CB57B200EFC6AC /* ContentView.swift */,
				A915345F29CB598E00EFC6AC /* TaskView.swift */,
				A915346529CB5B4700EFC6AC /* AddTaskView.swift */,
			);
			path = Views;
			sourceTree = "<group>";
		};
		A915346229CB5A4900EFC6AC /* Components */ = {
			isa = PBXGroup;
			children = (
				A915346329CB5A5B00EFC6AC /* TaskRow.swift */,
				A915346729CB5DC300EFC6AC /* SmallAddButton.swift */,
			);
			path = Components;
			sourceTree = "<group>";
		};
/* End PBXGroup section */

/* Begin PBXNativeTarget section */
		A915344B29CB57B200EFC6AC /* ToDo */ = {
			isa = PBXNativeTarget;
			buildConfigurationList = A915345A29CB57B300EFC6AC /* Build configuration list for PBXNativeTarget "ToDo" */;
			buildPhases = (
				A915344829CB57B200EFC6AC /* Sources */,
				A915344929CB57B200EFC6AC /* Frameworks */,
				A915344A29CB57B200EFC6AC /* Resources */,
			);
			buildRules = (
			);
			dependencies = (
			);
			name = ToDo;
			packageProductDependencies = (
				A915346A29CB657300EFC6AC /* Realm */,
				A915346C29CB657300EFC6AC /* RealmSwift */,
			);
			productName = ToDo;
			productReference = A915344C29CB57B200EFC6AC /* ToDo.app */;
			productType = "com.apple.product-type.application";
		};
/* End PBXNativeTarget section */

/* Begin PBXProject section */
		A915344429CB57B200EFC6AC /* Project object */ = {
			isa = PBXProject;
			attributes = {
				BuildIndependentTargetsInParallel = 1;
				LastSwiftUpdateCheck = 1430;
				LastUpgradeCheck = 1430;
				TargetAttributes = {
					A915344B29CB57B200EFC6AC = {
						CreatedOnToolsVersion = 14.3;
					};
				};
			};
			buildConfigurationList = A915344729CB57B200EFC6AC /* Build configuration list for PBXProject "ToDo" */;
			compatibilityVersion = "Xcode 14.0";
			developmentRegion = en;
			hasScannedForEncodings = 0;
			knownRegions = (
				en,
				Base,
			);
			mainGroup = A915344329CB57B200EFC6AC;
			packageReferences = (
				A915346929CB657300EFC6AC /* XCRemoteSwiftPackageReference "realm-cocoa" */,
			);
			productRefGroup = A915344D29CB57B200EFC6AC /* Products */;
			projectDirPath = "";
			projectRoot = "";
			targets = (
				A915344B29CB57B200EFC6AC /* ToDo */,
			);
		};
/* End PBXProject section */

/* Begin PBXResourcesBuildPhase section */
		A915344A29CB57B200EFC6AC /* Resources */ = {
			isa = PBXResourcesBuildPhase;
			buildActionMask = 2147483647;
			files = (
				A915345729CB57B300EFC6AC /* Preview Assets.xcassets in Resources */,
				A915345429CB57B300EFC6AC /* Assets.xcassets in Resources */,
			);
			runOnlyForDeploymentPostprocessing = 0;
		};
/* End PBXResourcesBuildPhase section */

/* Begin PBXSourcesBuildPhase section */
		A915344829CB57B200EFC6AC /* Sources */ = {
			isa = PBXSourcesBuildPhase;
			buildActionMask = 2147483647;
			files = (
				A915347129CB672800EFC6AC /* Task.swift in Sources */,
				A915346029CB598E00EFC6AC /* TaskView.swift in Sources */,
				A915346629CB5B4700EFC6AC /* AddTaskView.swift in Sources */,
				A915345229CB57B200EFC6AC /* ContentView.swift in Sources */,
				A915346829CB5DC300EFC6AC /* SmallAddButton.swift in Sources */,
				A915345029CB57B200EFC6AC /* ToDoApp.swift in Sources */,
				A915346F29CB664400EFC6AC /* RealmManager.swift in Sources */,
				A915346429CB5A5B00EFC6AC /* TaskRow.swift in Sources */,
			);
			runOnlyForDeploymentPostprocessing = 0;
		};
/* End PBXSourcesBuildPhase section */

/* Begin XCBuildConfiguration section */
		A915345829CB57B300EFC6AC /* Debug */ = {
			isa = XCBuildConfiguration;
			buildSettings = {
				ALWAYS_SEARCH_USER_PATHS = NO;
				CLANG_ANALYZER_NONNULL = YES;
				CLANG_ANALYZER_NUMBER_OBJECT_CONVERSION = YES_AGGRESSIVE;
				CLANG_CXX_LANGUAGE_STANDARD = "gnu++20";
				CLANG_ENABLE_MODULES = YES;
				CLANG_ENABLE_OBJC_ARC = YES;
				CLANG_ENABLE_OBJC_WEAK = YES;
				CLANG_WARN_BLOCK_CAPTURE_AUTORELEASING = YES;
				CLANG_WARN_BOOL_CONVERSION = YES;
				CLANG_WARN_COMMA = YES;
				CLANG_WARN_CONSTANT_CONVERSION = YES;
				CLANG_WARN_DEPRECATED_OBJC_IMPLEMENTATIONS = YES;
				CLANG_WARN_DIRECT_OBJC_ISA_USAGE = YES_ERROR;
				CLANG_WARN_DOCUMENTATION_COMMENTS = YES;
				CLANG_WARN_EMPTY_BODY = YES;
				CLANG_WARN_ENUM_CONVERSION = YES;
				CLANG_WARN_INFINITE_RECURSION = YES;
				CLANG_WARN_INT_CONVERSION = YES;
				CLANG_WARN_NON_LITERAL_NULL_CONVERSION = YES;
				CLANG_WARN_OBJC_IMPLICIT_RETAIN_SELF = YES;
				CLANG_WARN_OBJC_LITERAL_CONVERSION = YES;
				CLANG_WARN_OBJC_ROOT_CLASS = YES_ERROR;
				CLANG_WARN_QUOTED_INCLUDE_IN_FRAMEWORK_HEADER = YES;
				CLANG_WARN_RANGE_LOOP_ANALYSIS = YES;
				CLANG_WARN_STRICT_PROTOTYPES = YES;
				CLANG_WARN_SUSPICIOUS_MOVE = YES;
				CLANG_WARN_UNGUARDED_AVAILABILITY = YES_AGGRESSIVE;
				CLANG_WARN_UNREACHABLE_CODE = YES;
				CLANG_WARN__DUPLICATE_METHOD_MATCH = YES;
				COPY_PHASE_STRIP = NO;
				DEBUG_INFORMATION_FORMAT = dwarf;
				ENABLE_STRICT_OBJC_MSGSEND = YES;
				ENABLE_TESTABILITY = YES;
				GCC_C_LANGUAGE_STANDARD = gnu11;
				GCC_DYNAMIC_NO_PIC = NO;
				GCC_NO_COMMON_BLOCKS = YES;
				GCC_OPTIMIZATION_LEVEL = 0;
				GCC_PREPROCESSOR_DEFINITIONS = (
					"DEBUG=1",
					"$(inherited)",
				);
				GCC_WARN_64_TO_32_BIT_CONVERSION = YES;
				GCC_WARN_ABOUT_RETURN_TYPE = YES_ERROR;
				GCC_WARN_UNDECLARED_SELECTOR = YES;
				GCC_WARN_UNINITIALIZED_AUTOS = YES_AGGRESSIVE;
				GCC_WARN_UNUSED_FUNCTION = YES;
				GCC_WARN_UNUSED_VARIABLE = YES;
				IPHONEOS_DEPLOYMENT_TARGET = 16.4;
				MTL_ENABLE_DEBUG_INFO = INCLUDE_SOURCE;
				MTL_FAST_MATH = YES;
				ONLY_ACTIVE_ARCH = YES;
				SDKROOT = iphoneos;
				SWIFT_ACTIVE_COMPILATION_CONDITIONS = DEBUG;
				SWIFT_OPTIMIZATION_LEVEL = "-Onone";
			};
			name = Debug;
		};
		A915345929CB57B300EFC6AC /* Release */ = {
			isa = XCBuildConfiguration;
			buildSettings = {
				ALWAYS_SEARCH_USER_PATHS = NO;
				CLANG_ANALYZER_NONNULL = YES;
				CLANG_ANALYZER_NUMBER_OBJECT_CONVERSION = YES_AGGRESSIVE;
				CLANG_CXX_LANGUAGE_STANDARD = "gnu++20";
				CLANG_ENABLE_MODULES = YES;
				CLANG_ENABLE_OBJC_ARC = YES;
				CLANG_ENABLE_OBJC_WEAK = YES;
				CLANG_WARN_BLOCK_CAPTURE_AUTORELEASING = YES;
				CLANG_WARN_BOOL_CONVERSION = YES;
				CLANG_WARN_COMMA = YES;
				CLANG_WARN_CONSTANT_CONVERSION = YES;
				CLANG_WARN_DEPRECATED_OBJC_IMPLEMENTATIONS = YES;
				CLANG_WARN_DIRECT_OBJC_ISA_USAGE = YES_ERROR;
				CLANG_WARN_DOCUMENTATION_COMMENTS = YES;
				CLANG_WARN_EMPTY_BODY = YES;
				CLANG_WARN_ENUM_CONVERSION = YES;
				CLANG_WARN_INFINITE_RECURSION = YES;
				CLANG_WARN_INT_CONVERSION = YES;
				CLANG_WARN_NON_LITERAL_NULL_CONVERSION = YES;
				CLANG_WARN_OBJC_IMPLICIT_RETAIN_SELF = YES;
				CLANG_WARN_OBJC_LITERAL_CONVERSION = YES;
				CLANG_WARN_OBJC_ROOT_CLASS = YES_ERROR;
				CLANG_WARN_QUOTED_INCLUDE_IN_FRAMEWORK_HEADER = YES;
				CLANG_WARN_RANGE_LOOP_ANALYSIS = YES;
				CLANG_WARN_STRICT_PROTOTYPES = YES;
				CLANG_WARN_SUSPICIOUS_MOVE = YES;
				CLANG_WARN_UNGUARDED_AVAILABILITY = YES_AGGRESSIVE;
				CLANG_WARN_UNREACHABLE_CODE = YES;
				CLANG_WARN__DUPLICATE_METHOD_MATCH = YES;
				COPY_PHASE_STRIP = NO;
				DEBUG_INFORMATION_FORMAT = "dwarf-with-dsym";
				ENABLE_NS_ASSERTIONS = NO;
				ENABLE_STRICT_OBJC_MSGSEND = YES;
				GCC_C_LANGUAGE_STANDARD = gnu11;
				GCC_NO_COMMON_BLOCKS = YES;
				GCC_WARN_64_TO_32_BIT_CONVERSION = YES;
				GCC_WARN_ABOUT_RETURN_TYPE = YES_ERROR;
				GCC_WARN_UNDECLARED_SELECTOR = YES;
				GCC_WARN_UNINITIALIZED_AUTOS = YES_AGGRESSIVE;
				GCC_WARN_UNUSED_FUNCTION = YES;
				GCC_WARN_UNUSED_VARIABLE = YES;
				IPHONEOS_DEPLOYMENT_TARGET = 16.4;
				MTL_ENABLE_DEBUG_INFO = NO;
				MTL_FAST_MATH = YES;
				SDKROOT = iphoneos;
				SWIFT_COMPILATION_MODE = wholemodule;
				SWIFT_OPTIMIZATION_LEVEL = "-O";
				VALIDATE_PRODUCT = YES;
			};
			name = Release;
		};
		A915345B29CB57B300EFC6AC /* Debug */ = {
			isa = XCBuildConfiguration;
			buildSettings = {
				ASSETCATALOG_COMPILER_APPICON_NAME = AppIcon;
				ASSETCATALOG_COMPILER_GLOBAL_ACCENT_COLOR_NAME = AccentColor;
				CODE_SIGN_STYLE = Automatic;
				CURRENT_PROJECT_VERSION = 1;
				DEVELOPMENT_ASSET_PATHS = "\"ToDo/Preview Content\"";
				DEVELOPMENT_TEAM = BUR8WU2V7M;
				ENABLE_PREVIEWS = YES;
				GENERATE_INFOPLIST_FILE = YES;
				INFOPLIST_KEY_UIApplicationSceneManifest_Generation = YES;
				INFOPLIST_KEY_UIApplicationSupportsIndirectInputEvents = YES;
				INFOPLIST_KEY_UILaunchScreen_Generation = YES;
				INFOPLIST_KEY_UISupportedInterfaceOrientations_iPad = "UIInterfaceOrientationPortrait UIInterfaceOrientationPortraitUpsideDown UIInterfaceOrientationLandscapeLeft UIInterfaceOrientationLandscapeRight";
				INFOPLIST_KEY_UISupportedInterfaceOrientations_iPhone = "UIInterfaceOrientationPortrait UIInterfaceOrientationLandscapeLeft UIInterfaceOrientationLandscapeRight";
				LD_RUNPATH_SEARCH_PATHS = (
					"$(inherited)",
					"@executable_path/Frameworks",
				);
				MARKETING_VERSION = 1.0;
				PRODUCT_BUNDLE_IDENTIFIER = co.damiengautier.ToDo;
				PRODUCT_NAME = "$(TARGET_NAME)";
				SWIFT_EMIT_LOC_STRINGS = YES;
				SWIFT_VERSION = 5.0;
				TARGETED_DEVICE_FAMILY = "1,2";
			};
			name = Debug;
		};
		A915345C29CB57B300EFC6AC /* Release */ = {
			isa = XCBuildConfiguration;
			buildSettings = {
				ASSETCATALOG_COMPILER_APPICON_NAME = AppIcon;
				ASSETCATALOG_COMPILER_GLOBAL_ACCENT_COLOR_NAME = AccentColor;
				CODE_SIGN_STYLE = Automatic;
				CURRENT_PROJECT_VERSION = 1;
				DEVELOPMENT_ASSET_PATHS = "\"ToDo/Preview Content\"";
				DEVELOPMENT_TEAM = BUR8WU2V7M;
				ENABLE_PREVIEWS = YES;
				GENERATE_INFOPLIST_FILE = YES;
				INFOPLIST_KEY_UIApplicationSceneManifest_Generation = YES;
				INFOPLIST_KEY_UIApplicationSupportsIndirectInputEvents = YES;
				INFOPLIST_KEY_UILaunchScreen_Generation = YES;
				INFOPLIST_KEY_UISupportedInterfaceOrientations_iPad = "UIInterfaceOrientationPortrait UIInterfaceOrientationPortraitUpsideDown UIInterfaceOrientationLandscapeLeft UIInterfaceOrientationLandscapeRight";
				INFOPLIST_KEY_UISupportedInterfaceOrientations_iPhone = "UIInterfaceOrientationPortrait UIInterfaceOrientationLandscapeLeft UIInterfaceOrientationLandscapeRight";
				LD_RUNPATH_SEARCH_PATHS = (
					"$(inherited)",
					"@executable_path/Frameworks",
				);
				MARKETING_VERSION = 1.0;
				PRODUCT_BUNDLE_IDENTIFIER = co.damiengautier.ToDo;
				PRODUCT_NAME = "$(TARGET_NAME)";
				SWIFT_EMIT_LOC_STRINGS = YES;
				SWIFT_VERSION = 5.0;
				TARGETED_DEVICE_FAMILY = "1,2";
			};
			name = Release;
		};
/* End XCBuildConfiguration section */

/* Begin XCConfigurationList section */
		A915344729CB57B200EFC6AC /* Build configuration list for PBXProject "ToDo" */ = {
			isa = XCConfigurationList;
			buildConfigurations = (
				A915345829CB57B300EFC6AC /* Debug */,
				A915345929CB57B300EFC6AC /* Release */,
			);
			defaultConfigurationIsVisible = 0;
			defaultConfigurationName = Release;
		};
		A915345A29CB57B300EFC6AC /* Build configuration list for PBXNativeTarget "ToDo" */ = {
			isa = XCConfigurationList;
			buildConfigurations = (
				A915345B29CB57B300EFC6AC /* Debug */,
				A915345C29CB57B300EFC6AC /* Release */,
			);
			defaultConfigurationIsVisible = 0;
			defaultConfigurationName = Release;
		};
/* End XCConfigurationList section */

/* Begin XCRemoteSwiftPackageReference section */
		A915346929CB657300EFC6AC /* XCRemoteSwiftPackageReference "realm-cocoa" */ = {
			isa = XCRemoteSwiftPackageReference;
			repositoryURL = "https://github.com/realm/realm-cocoa.git";
			requirement = {
				kind = upToNextMajorVersion;
				minimumVersion = 10.10.0;
			};
		};
/* End XCRemoteSwiftPackageReference section */

/* Begin XCSwiftPackageProductDependency section */
		A915346A29CB657300EFC6AC /* Realm */ = {
			isa = XCSwiftPackageProductDependency;
			package = A915346929CB657300EFC6AC /* XCRemoteSwiftPackageReference "realm-cocoa" */;
			productName = Realm;
		};
		A915346C29CB657300EFC6AC /* RealmSwift */ = {
			isa = XCSwiftPackageProductDependency;
			package = A915346929CB657300EFC6AC /* XCRemoteSwiftPackageReference "realm-cocoa" */;
			productName = RealmSwift;
		};
/* End XCSwiftPackageProductDependency section */
	};
	rootObject = A915344429CB57B200EFC6AC /* Project object */;
}
